
Microsoft Visual Studio Solution File, Format Version 12.00
# Visual Studio Version 17
VisualStudioVersion = 17.5.33516.290
MinimumVisualStudioVersion = 10.0.40219.1
Project("{FAE04EC0-301F-11D3-BF4B-00C04F79EFBC}") = "PowerShark", "PowerShark\PowerShark.csproj", "{DF696559-DA4D-4020-A85F-E149C38225B1}"
EndProject
Project("{FAE04EC0-301F-11D3-BF4B-00C04F79EFBC}") = "PowerSharkWeb", "PowerSharkWeb\PowerSharkWeb.csproj", "{068133DD-A0A6-4E92-9E94-C6FC20A3DE04}"
EndProject
Global
	GlobalSection(SolutionConfigurationPlatforms) = preSolution
		Debug|Any CPU = Debug|Any CPU
		Release|Any CPU = Release|Any CPU
	EndGlobalSection
	GlobalSection(ProjectConfigurationPlatforms) = postSolution
		{DF696559-DA4D-4020-A85F-E149C38225B1}.Debug|Any CPU.ActiveCfg = Debug|Any CPU
		{DF696559-DA4D-4020-A85F-E149C38225B1}.Debug|Any CPU.Build.0 = Debug|Any CPU
		{DF696559-DA4D-4020-A85F-E149C38225B1}.Debug|Any CPU.Deploy.0 = Debug|Any CPU
		{DF696559-DA4D-4020-A85F-E149C38225B1}.Release|Any CPU.ActiveCfg = Release|Any CPU
		{DF696559-DA4D-4020-A85F-E149C38225B1}.Release|Any CPU.Build.0 = Release|Any CPU
		{DF696559-DA4D-4020-A85F-E149C38225B1}.Release|Any CPU.Deploy.0 = Release|Any CPU
		{068133DD-A0A6-4E92-9E94-C6FC20A3DE04}.Debug|Any CPU.ActiveCfg = Debug|Any CPU
		{068133DD-A0A6-4E92-9E94-C6FC20A3DE04}.Debug|Any CPU.Build.0 = Debug|Any CPU
		{068133DD-A0A6-4E92-9E94-C6FC20A3DE04}.Release|Any CPU.ActiveCfg = Release|Any CPU
		{068133DD-A0A6-4E92-9E94-C6FC20A3DE04}.Release|Any CPU.Build.0 = Release|Any CPU
	EndGlobalSection
	GlobalSection(SolutionProperties) = preSolution
		HideSolutionNode = FALSE
	EndGlobalSection
	GlobalSection(ExtensibilityGlobals) = postSolution
		SolutionGuid = {E5444D31-CE9D-4557-9D09-2ED530F49C80}
	EndGlobalSection
EndGlobal
